// !$*UTF8*$!
{
	archiveVersion = 1;
	classes = {
	};
	objectVersion = 45;
	objects = {

/* Begin PBXBuildFile section */
		1D3623260D0F684500981E51 /* TreeMapAppDelegate.m in Sources */ = {isa = PBXBuildFile; fileRef = 1D3623250D0F684500981E51 /* TreeMapAppDelegate.m */; };
		1D60589B0D05DD56006BFB54 /* main.m in Sources */ = {isa = PBXBuildFile; fileRef = 29B97316FDCFA39411CA2CEA /* main.m */; };
		1D60589F0D05DD5A006BFB54 /* Foundation.framework in Frameworks */ = {isa = PBXBuildFile; fileRef = 1D30AB110D05D00D00671497 /* Foundation.framework */; };
		1DF5F4E00D08C38300B7A737 /* UIKit.framework in Frameworks */ = {isa = PBXBuildFile; fileRef = 1DF5F4DF0D08C38300B7A737 /* UIKit.framework */; };
		25B61D9912FDB03B00DACE68 /* p_local4.db in Resources */ = {isa = PBXBuildFile; fileRef = 25B61D9812FDB03B00DACE68 /* p_local4.db */; };
		28AD733F0D9D9553002E5188 /* MainWindow.xib in Resources */ = {isa = PBXBuildFile; fileRef = 28AD733E0D9D9553002E5188 /* MainWindow.xib */; };
		F010F1D21309EED3006C1839 /* blackboard.jpg in Resources */ = {isa = PBXBuildFile; fileRef = F010F1CF1309EED3006C1839 /* blackboard.jpg */; };
		F010F1D31309EED3006C1839 /* diamondsteel1.jpg in Resources */ = {isa = PBXBuildFile; fileRef = F010F1D01309EED3006C1839 /* diamondsteel1.jpg */; };
		F010F1D41309EED3006C1839 /* rust1.jpg in Resources */ = {isa = PBXBuildFile; fileRef = F010F1D11309EED3006C1839 /* rust1.jpg */; };
		F010F20C130AF3EB006C1839 /* bg_comment.png in Resources */ = {isa = PBXBuildFile; fileRef = F010F20B130AF3EB006C1839 /* bg_comment.png */; };
		F010F214130AFA41006C1839 /* CommentView.m in Sources */ = {isa = PBXBuildFile; fileRef = F010F213130AFA41006C1839 /* CommentView.m */; };
		F010F756130D9518006C1839 /* p_local5.db in Resources */ = {isa = PBXBuildFile; fileRef = F010F755130D9518006C1839 /* p_local5.db */; };
		F010F7A5130DE82D006C1839 /* p_local6.db in Resources */ = {isa = PBXBuildFile; fileRef = F010F7A4130DE82D006C1839 /* p_local6.db */; };
		F010F966130F017E006C1839 /* 1_comment_white.png in Resources */ = {isa = PBXBuildFile; fileRef = F010F964130F017E006C1839 /* 1_comment_white.png */; };
		F010F967130F017E006C1839 /* 1_like_white.png in Resources */ = {isa = PBXBuildFile; fileRef = F010F965130F017E006C1839 /* 1_like_white.png */; };
		F010FA41130F161C006C1839 /* pm_menu_bg2.png in Resources */ = {isa = PBXBuildFile; fileRef = F010FA40130F161C006C1839 /* pm_menu_bg2.png */; };
		F01C0AAA1281D2A200CF1476 /* FBDialog.bundle in Resources */ = {isa = PBXBuildFile; fileRef = F01C0A921281D2A200CF1476 /* FBDialog.bundle */; };
		F01C0AAB1281D2A200CF1476 /* NSObject+SBJSON.m in Sources */ = {isa = PBXBuildFile; fileRef = F01C0A961281D2A200CF1476 /* NSObject+SBJSON.m */; };
		F01C0AAC1281D2A200CF1476 /* NSString+SBJSON.m in Sources */ = {isa = PBXBuildFile; fileRef = F01C0A981281D2A200CF1476 /* NSString+SBJSON.m */; };
		F01C0AAD1281D2A200CF1476 /* SBJSON.m in Sources */ = {isa = PBXBuildFile; fileRef = F01C0A9A1281D2A200CF1476 /* SBJSON.m */; };
		F01C0AAE1281D2A200CF1476 /* SBJsonBase.m in Sources */ = {isa = PBXBuildFile; fileRef = F01C0A9C1281D2A200CF1476 /* SBJsonBase.m */; };
		F01C0AAF1281D2A200CF1476 /* SBJsonParser.m in Sources */ = {isa = PBXBuildFile; fileRef = F01C0A9E1281D2A200CF1476 /* SBJsonParser.m */; };
		F01C0AB01281D2A200CF1476 /* SBJsonWriter.m in Sources */ = {isa = PBXBuildFile; fileRef = F01C0AA01281D2A200CF1476 /* SBJsonWriter.m */; };
		F01C0AB11281D2A200CF1476 /* FBRequest.m in Sources */ = {isa = PBXBuildFile; fileRef = F01C0AA31281D2A200CF1476 /* FBRequest.m */; };
		F01C0AB21281D2A200CF1476 /* Facebook.m in Sources */ = {isa = PBXBuildFile; fileRef = F01C0AA41281D2A200CF1476 /* Facebook.m */; };
		F01C0AB31281D2A200CF1476 /* FBLoginDialog.m in Sources */ = {isa = PBXBuildFile; fileRef = F01C0AA71281D2A200CF1476 /* FBLoginDialog.m */; };
		F01C0AB41281D2A200CF1476 /* FBDialog.m in Sources */ = {isa = PBXBuildFile; fileRef = F01C0AA91281D2A200CF1476 /* FBDialog.m */; };
		F01C0AE21281D62A00CF1476 /* Session.m in Sources */ = {isa = PBXBuildFile; fileRef = F01C0AE11281D62A00CF1476 /* Session.m */; };
		F01C0E08128321AD00CF1476 /* FBConnect.bundle in Resources */ = {isa = PBXBuildFile; fileRef = F01C0E07128321AD00CF1476 /* FBConnect.bundle */; };
		F01C0EA61283292A00CF1476 /* MainViewController.m in Sources */ = {isa = PBXBuildFile; fileRef = F01C0EA41283292A00CF1476 /* MainViewController.m */; };
		F01C0EA71283292A00CF1476 /* MainViewController.xib in Resources */ = {isa = PBXBuildFile; fileRef = F01C0EA51283292A00CF1476 /* MainViewController.xib */; };
		F01C0EAD128329A900CF1476 /* UserInfo.m in Sources */ = {isa = PBXBuildFile; fileRef = F01C0EAC128329A900CF1476 /* UserInfo.m */; };
		F01C0EB2128329EB00CF1476 /* FBLoginButton.m in Sources */ = {isa = PBXBuildFile; fileRef = F01C0EB1128329EB00CF1476 /* FBLoginButton.m */; };
		F01C0EB912832A0500CF1476 /* UserRequestResult.m in Sources */ = {isa = PBXBuildFile; fileRef = F01C0EB612832A0500CF1476 /* UserRequestResult.m */; };
		F01C0EBA12832A0500CF1476 /* FriendsRequestResult.m in Sources */ = {isa = PBXBuildFile; fileRef = F01C0EB812832A0500CF1476 /* FriendsRequestResult.m */; };
		F01C121B1289A6C800CF1476 /* LikesAndCommentsRequestResult.m in Sources */ = {isa = PBXBuildFile; fileRef = F01C121A1289A6C800CF1476 /* LikesAndCommentsRequestResult.m */; };
		F01C168C128B0E7200CF1476 /* 1_comment_blue.png in Resources */ = {isa = PBXBuildFile; fileRef = F01C1688128B0E7200CF1476 /* 1_comment_blue.png */; };
		F01C168D128B0E7200CF1476 /* 1_like_red.png in Resources */ = {isa = PBXBuildFile; fileRef = F01C1689128B0E7200CF1476 /* 1_like_red.png */; };
		F01C168E128B0E7200CF1476 /* 2_comment_white.png in Resources */ = {isa = PBXBuildFile; fileRef = F01C168A128B0E7200CF1476 /* 2_comment_white.png */; };
		F01C168F128B0E7200CF1476 /* 2_like_white.png in Resources */ = {isa = PBXBuildFile; fileRef = F01C168B128B0E7200CF1476 /* 2_like_white.png */; };
		F020072A129C2BA4004647DB /* play.png in Resources */ = {isa = PBXBuildFile; fileRef = F0200724129C2BA4004647DB /* play.png */; };
		F02010A912FC65630006C29F /* p_local2.db in Resources */ = {isa = PBXBuildFile; fileRef = F02010A812FC65630006C29F /* p_local2.db */; };
		F02010AB12FC7F720006C29F /* p_local3.db in Resources */ = {isa = PBXBuildFile; fileRef = F02010AA12FC7F720006C29F /* p_local3.db */; };
		F033EA4E118A24C30020F23D /* TreeMapViewController.m in Sources */ = {isa = PBXBuildFile; fileRef = F033EA4C118A24C30020F23D /* TreeMapViewController.m */; };
		F033EA4F118A24C30020F23D /* TreeMapViewController.xib in Resources */ = {isa = PBXBuildFile; fileRef = F033EA4D118A24C30020F23D /* TreeMapViewController.xib */; };
		F033EA5B118A25230020F23D /* data.plist in Resources */ = {isa = PBXBuildFile; fileRef = F033EA5A118A25230020F23D /* data.plist */; };
		F033EA6C118A25DF0020F23D /* TreemapView.m in Sources */ = {isa = PBXBuildFile; fileRef = F033EA69118A25DF0020F23D /* TreemapView.m */; };
		F033EA6D118A25DF0020F23D /* TreemapViewCell.m in Sources */ = {isa = PBXBuildFile; fileRef = F033EA6B118A25DF0020F23D /* TreemapViewCell.m */; };
		F055E594126CD3B50056DA6E /* 1_heart_btn.png in Resources */ = {isa = PBXBuildFile; fileRef = F055E592126CD3B50056DA6E /* 1_heart_btn.png */; };
		F055E595126CD3B50056DA6E /* 2_heart_btn.png in Resources */ = {isa = PBXBuildFile; fileRef = F055E593126CD3B50056DA6E /* 2_heart_btn.png */; };
		F06114581251294C008C7D07 /* RegexKitLite.m in Sources */ = {isa = PBXBuildFile; fileRef = F06114571251294C008C7D07 /* RegexKitLite.m */; };
		F061177512524755008C7D07 /* ASIAuthenticationDialog.m in Sources */ = {isa = PBXBuildFile; fileRef = F061176A12524755008C7D07 /* ASIAuthenticationDialog.m */; };
		F061177612524755008C7D07 /* ASIInputStream.m in Sources */ = {isa = PBXBuildFile; fileRef = F061176C12524755008C7D07 /* ASIInputStream.m */; };
		F061177712524755008C7D07 /* ASIFormDataRequest.m in Sources */ = {isa = PBXBuildFile; fileRef = F061176E12524755008C7D07 /* ASIFormDataRequest.m */; };
		F061177812524755008C7D07 /* ASIHTTPRequest.m in Sources */ = {isa = PBXBuildFile; fileRef = F061177012524755008C7D07 /* ASIHTTPRequest.m */; };
		F061177912524755008C7D07 /* ASINetworkQueue.m in Sources */ = {isa = PBXBuildFile; fileRef = F061177212524755008C7D07 /* ASINetworkQueue.m */; };
		F061177A12524755008C7D07 /* ASIDownloadCache.m in Sources */ = {isa = PBXBuildFile; fileRef = F061177412524755008C7D07 /* ASIDownloadCache.m */; };
		F06119571252964C008C7D07 /* CFNetwork.framework in Frameworks */ = {isa = PBXBuildFile; fileRef = F06119561252964C008C7D07 /* CFNetwork.framework */; };
		F061195B12529657008C7D07 /* CoreGraphics.framework in Frameworks */ = {isa = PBXBuildFile; fileRef = F061195A12529657008C7D07 /* CoreGraphics.framework */; };
		F061195F1252966D008C7D07 /* SystemConfiguration.framework in Frameworks */ = {isa = PBXBuildFile; fileRef = F061195E1252966D008C7D07 /* SystemConfiguration.framework */; };
		F061196312529696008C7D07 /* MobileCoreServices.framework in Frameworks */ = {isa = PBXBuildFile; fileRef = F061196212529696008C7D07 /* MobileCoreServices.framework */; };
		F061196D125296B6008C7D07 /* libz.1.2.3.dylib in Frameworks */ = {isa = PBXBuildFile; fileRef = F0611823125294DA008C7D07 /* libz.1.2.3.dylib */; };
		F061197C12529973008C7D07 /* Reachability.m in Sources */ = {isa = PBXBuildFile; fileRef = F061197B12529973008C7D07 /* Reachability.m */; };
		F063C3F912F8734400634008 /* concrete.jpg in Resources */ = {isa = PBXBuildFile; fileRef = F063C3E912F8734400634008 /* concrete.jpg */; };
		F063C3FD12F8734400634008 /* granulardark.jpg in Resources */ = {isa = PBXBuildFile; fileRef = F063C3ED12F8734400634008 /* granulardark.jpg */; };
		F063C40012F8734400634008 /* leather.jpg in Resources */ = {isa = PBXBuildFile; fileRef = F063C3F012F8734400634008 /* leather.jpg */; };
		F063C40512F8734400634008 /* slate.jpg in Resources */ = {isa = PBXBuildFile; fileRef = F063C3F512F8734400634008 /* slate.jpg */; };
		F063C40612F8734400634008 /* wood.jpg in Resources */ = {isa = PBXBuildFile; fileRef = F063C3F612F8734400634008 /* wood.jpg */; };
		F063C40B12F8746A00634008 /* video.jpg in Resources */ = {isa = PBXBuildFile; fileRef = F063C40A12F8746A00634008 /* video.jpg */; };
		F06A1CD31200AE3B001E46AE /* todo.txt in Resources */ = {isa = PBXBuildFile; fileRef = F06A1CD21200AE3B001E46AE /* todo.txt */; };
		F0962609126CCBE0009F4F22 /* 1_comments.png in Resources */ = {isa = PBXBuildFile; fileRef = F0962607126CCBE0009F4F22 /* 1_comments.png */; };
		F096260A126CCBE0009F4F22 /* 2_comments.png in Resources */ = {isa = PBXBuildFile; fileRef = F0962608126CCBE0009F4F22 /* 2_comments.png */; };
		F096261F126CCE72009F4F22 /* 1_refresh_btn.png in Resources */ = {isa = PBXBuildFile; fileRef = F096261D126CCE72009F4F22 /* 1_refresh_btn.png */; };
		F0962620126CCE72009F4F22 /* 2_refresh_btn.png in Resources */ = {isa = PBXBuildFile; fileRef = F096261E126CCE72009F4F22 /* 2_refresh_btn.png */; };
		F0A76CD112D408F9004437D0 /* PeopleMapDB.m in Sources */ = {isa = PBXBuildFile; fileRef = F0A76CCC12D408F9004437D0 /* PeopleMapDB.m */; };
		F0A76CD212D408F9004437D0 /* BWDB.m in Sources */ = {isa = PBXBuildFile; fileRef = F0A76CCE12D408F9004437D0 /* BWDB.m */; };
		F0A76CD312D408F9004437D0 /* BWUtilities.m in Sources */ = {isa = PBXBuildFile; fileRef = F0A76CD012D408F9004437D0 /* BWUtilities.m */; };
		F0A76CE212D4090C004437D0 /* libsqlite3.dylib in Frameworks */ = {isa = PBXBuildFile; fileRef = F0A76CE112D4090C004437D0 /* libsqlite3.dylib */; };
		F0CDA9161267BAA700D03C50 /* pm_menu_bg.png in Resources */ = {isa = PBXBuildFile; fileRef = F0CDA9151267BAA700D03C50 /* pm_menu_bg.png */; };
		F0F00BDF1215D57100DB0EF9 /* UIImage+ProportionalFill.m in Sources */ = {isa = PBXBuildFile; fileRef = F0F00BDC1215D57100DB0EF9 /* UIImage+ProportionalFill.m */; };
		F0F00BE01215D57100DB0EF9 /* UIImage+Tint.m in Sources */ = {isa = PBXBuildFile; fileRef = F0F00BDE1215D57100DB0EF9 /* UIImage+Tint.m */; };
		F0F00C75121AE12900DB0EF9 /* original.png in Resources */ = {isa = PBXBuildFile; fileRef = F0F00C74121AE12900DB0EF9 /* original.png */; };
		F0F00CC6121AEB9900DB0EF9 /* QuartzCore.framework in Frameworks */ = {isa = PBXBuildFile; fileRef = F0F00CC5121AEB9900DB0EF9 /* QuartzCore.framework */; };
/* End PBXBuildFile section */

/* Begin PBXFileReference section */
		1D30AB110D05D00D00671497 /* Foundation.framework */ = {isa = PBXFileReference; lastKnownFileType = wrapper.framework; name = Foundation.framework; path = System/Library/Frameworks/Foundation.framework; sourceTree = SDKROOT; };
		1D3623240D0F684500981E51 /* TreeMapAppDelegate.h */ = {isa = PBXFileReference; fileEncoding = 4; lastKnownFileType = sourcecode.c.h; path = TreeMapAppDelegate.h; sourceTree = "<group>"; };
		1D3623250D0F684500981E51 /* TreeMapAppDelegate.m */ = {isa = PBXFileReference; fileEncoding = 4; lastKnownFileType = sourcecode.c.objc; path = TreeMapAppDelegate.m; sourceTree = "<group>"; };
		1D6058910D05DD3D006BFB54 /* TreeMap.app */ = {isa = PBXFileReference; explicitFileType = wrapper.application; includeInIndex = 0; path = TreeMap.app; sourceTree = BUILT_PRODUCTS_DIR; };
		1DF5F4DF0D08C38300B7A737 /* UIKit.framework */ = {isa = PBXFileReference; lastKnownFileType = wrapper.framework; name = UIKit.framework; path = System/Library/Frameworks/UIKit.framework; sourceTree = SDKROOT; };
		25B61D9812FDB03B00DACE68 /* p_local4.db */ = {isa = PBXFileReference; lastKnownFileType = file; path = p_local4.db; sourceTree = "<group>"; };
		28AD733E0D9D9553002E5188 /* MainWindow.xib */ = {isa = PBXFileReference; lastKnownFileType = file.xib; name = MainWindow.xib; path = ../MainWindow.xib; sourceTree = "<group>"; };
		29B97316FDCFA39411CA2CEA /* main.m */ = {isa = PBXFileReference; fileEncoding = 4; lastKnownFileType = sourcecode.c.objc; path = main.m; sourceTree = "<group>"; };
		32CA4F630368D1EE00C91783 /* TreeMap_Prefix.pch */ = {isa = PBXFileReference; fileEncoding = 4; lastKnownFileType = sourcecode.c.h; path = TreeMap_Prefix.pch; sourceTree = "<group>"; };
		8D1107310486CEB800E47090 /* TreeMap-Info.plist */ = {isa = PBXFileReference; fileEncoding = 4; lastKnownFileType = text.plist.xml; path = "TreeMap-Info.plist"; plistStructureDefinitionIdentifier = "com.apple.xcode.plist.structure-definition.iphone.info-plist"; sourceTree = "<group>"; };
		F010F1CF1309EED3006C1839 /* blackboard.jpg */ = {isa = PBXFileReference; lastKnownFileType = image.jpeg; path = blackboard.jpg; sourceTree = "<group>"; };
		F010F1D01309EED3006C1839 /* diamondsteel1.jpg */ = {isa = PBXFileReference; lastKnownFileType = image.jpeg; path = diamondsteel1.jpg; sourceTree = "<group>"; };
		F010F1D11309EED3006C1839 /* rust1.jpg */ = {isa = PBXFileReference; lastKnownFileType = image.jpeg; path = rust1.jpg; sourceTree = "<group>"; };
		F010F20B130AF3EB006C1839 /* bg_comment.png */ = {isa = PBXFileReference; lastKnownFileType = image.png; path = bg_comment.png; sourceTree = "<group>"; };
		F010F212130AFA41006C1839 /* CommentView.h */ = {isa = PBXFileReference; fileEncoding = 4; lastKnownFileType = sourcecode.c.h; path = CommentView.h; sourceTree = "<group>"; };
		F010F213130AFA41006C1839 /* CommentView.m */ = {isa = PBXFileReference; fileEncoding = 4; lastKnownFileType = sourcecode.c.objc; path = CommentView.m; sourceTree = "<group>"; };
		F010F755130D9518006C1839 /* p_local5.db */ = {isa = PBXFileReference; lastKnownFileType = file; path = p_local5.db; sourceTree = "<group>"; };
		F010F7A4130DE82D006C1839 /* p_local6.db */ = {isa = PBXFileReference; lastKnownFileType = file; path = p_local6.db; sourceTree = "<group>"; };
		F010F964130F017E006C1839 /* 1_comment_white.png */ = {isa = PBXFileReference; lastKnownFileType = image.png; path = 1_comment_white.png; sourceTree = "<group>"; };
		F010F965130F017E006C1839 /* 1_like_white.png */ = {isa = PBXFileReference; lastKnownFileType = image.png; path = 1_like_white.png; sourceTree = "<group>"; };
		F010FA40130F161C006C1839 /* pm_menu_bg2.png */ = {isa = PBXFileReference; lastKnownFileType = image.png; path = pm_menu_bg2.png; sourceTree = "<group>"; };
		F01C0A921281D2A200CF1476 /* FBDialog.bundle */ = {isa = PBXFileReference; lastKnownFileType = "wrapper.plug-in"; path = FBDialog.bundle; sourceTree = "<group>"; };
		F01C0A941281D2A200CF1476 /* JSON.h */ = {isa = PBXFileReference; fileEncoding = 4; lastKnownFileType = sourcecode.c.h; path = JSON.h; sourceTree = "<group>"; };
		F01C0A951281D2A200CF1476 /* NSObject+SBJSON.h */ = {isa = PBXFileReference; fileEncoding = 4; lastKnownFileType = sourcecode.c.h; path = "NSObject+SBJSON.h"; sourceTree = "<group>"; };
		F01C0A961281D2A200CF1476 /* NSObject+SBJSON.m */ = {isa = PBXFileReference; fileEncoding = 4; lastKnownFileType = sourcecode.c.objc; path = "NSObject+SBJSON.m"; sourceTree = "<group>"; };
		F01C0A971281D2A200CF1476 /* NSString+SBJSON.h */ = {isa = PBXFileReference; fileEncoding = 4; lastKnownFileType = sourcecode.c.h; path = "NSString+SBJSON.h"; sourceTree = "<group>"; };
		F01C0A981281D2A200CF1476 /* NSString+SBJSON.m */ = {isa = PBXFileReference; fileEncoding = 4; lastKnownFileType = sourcecode.c.objc; path = "NSString+SBJSON.m"; sourceTree = "<group>"; };
		F01C0A991281D2A200CF1476 /* SBJSON.h */ = {isa = PBXFileReference; fileEncoding = 4; lastKnownFileType = sourcecode.c.h; path = SBJSON.h; sourceTree = "<group>"; };
		F01C0A9A1281D2A200CF1476 /* SBJSON.m */ = {isa = PBXFileReference; fileEncoding = 4; lastKnownFileType = sourcecode.c.objc; path = SBJSON.m; sourceTree = "<group>"; };
		F01C0A9B1281D2A200CF1476 /* SBJsonBase.h */ = {isa = PBXFileReference; fileEncoding = 4; lastKnownFileType = sourcecode.c.h; path = SBJsonBase.h; sourceTree = "<group>"; };
		F01C0A9C1281D2A200CF1476 /* SBJsonBase.m */ = {isa = PBXFileReference; fileEncoding = 4; lastKnownFileType = sourcecode.c.objc; path = SBJsonBase.m; sourceTree = "<group>"; };
		F01C0A9D1281D2A200CF1476 /* SBJsonParser.h */ = {isa = PBXFileReference; fileEncoding = 4; lastKnownFileType = sourcecode.c.h; path = SBJsonParser.h; sourceTree = "<group>"; };
		F01C0A9E1281D2A200CF1476 /* SBJsonParser.m */ = {isa = PBXFileReference; fileEncoding = 4; lastKnownFileType = sourcecode.c.objc; path = SBJsonParser.m; sourceTree = "<group>"; };
		F01C0A9F1281D2A200CF1476 /* SBJsonWriter.h */ = {isa = PBXFileReference; fileEncoding = 4; lastKnownFileType = sourcecode.c.h; path = SBJsonWriter.h; sourceTree = "<group>"; };
		F01C0AA01281D2A200CF1476 /* SBJsonWriter.m */ = {isa = PBXFileReference; fileEncoding = 4; lastKnownFileType = sourcecode.c.objc; path = SBJsonWriter.m; sourceTree = "<group>"; };
		F01C0AA11281D2A200CF1476 /* FBConnect.h */ = {isa = PBXFileReference; fileEncoding = 4; lastKnownFileType = sourcecode.c.h; path = FBConnect.h; sourceTree = "<group>"; };
		F01C0AA21281D2A200CF1476 /* FBRequest.h */ = {isa = PBXFileReference; fileEncoding = 4; lastKnownFileType = sourcecode.c.h; path = FBRequest.h; sourceTree = "<group>"; };
		F01C0AA31281D2A200CF1476 /* FBRequest.m */ = {isa = PBXFileReference; fileEncoding = 4; lastKnownFileType = sourcecode.c.objc; path = FBRequest.m; sourceTree = "<group>"; };
		F01C0AA41281D2A200CF1476 /* Facebook.m */ = {isa = PBXFileReference; fileEncoding = 4; lastKnownFileType = sourcecode.c.objc; path = Facebook.m; sourceTree = "<group>"; };
		F01C0AA51281D2A200CF1476 /* Facebook.h */ = {isa = PBXFileReference; fileEncoding = 4; lastKnownFileType = sourcecode.c.h; path = Facebook.h; sourceTree = "<group>"; };
		F01C0AA61281D2A200CF1476 /* FBLoginDialog.h */ = {isa = PBXFileReference; fileEncoding = 4; lastKnownFileType = sourcecode.c.h; path = FBLoginDialog.h; sourceTree = "<group>"; };
		F01C0AA71281D2A200CF1476 /* FBLoginDialog.m */ = {isa = PBXFileReference; fileEncoding = 4; lastKnownFileType = sourcecode.c.objc; path = FBLoginDialog.m; sourceTree = "<group>"; };
		F01C0AA81281D2A200CF1476 /* FBDialog.h */ = {isa = PBXFileReference; fileEncoding = 4; lastKnownFileType = sourcecode.c.h; path = FBDialog.h; sourceTree = "<group>"; };
		F01C0AA91281D2A200CF1476 /* FBDialog.m */ = {isa = PBXFileReference; fileEncoding = 4; lastKnownFileType = sourcecode.c.objc; path = FBDialog.m; sourceTree = "<group>"; };
		F01C0AE01281D62A00CF1476 /* Session.h */ = {isa = PBXFileReference; fileEncoding = 4; lastKnownFileType = sourcecode.c.h; path = Session.h; sourceTree = "<group>"; };
		F01C0AE11281D62A00CF1476 /* Session.m */ = {isa = PBXFileReference; fileEncoding = 4; lastKnownFileType = sourcecode.c.objc; path = Session.m; sourceTree = "<group>"; };
		F01C0E07128321AD00CF1476 /* FBConnect.bundle */ = {isa = PBXFileReference; lastKnownFileType = "wrapper.plug-in"; path = FBConnect.bundle; sourceTree = "<group>"; };
		F01C0EA31283292A00CF1476 /* MainViewController.h */ = {isa = PBXFileReference; fileEncoding = 4; lastKnownFileType = sourcecode.c.h; path = MainViewController.h; sourceTree = "<group>"; };
		F01C0EA41283292A00CF1476 /* MainViewController.m */ = {isa = PBXFileReference; fileEncoding = 4; lastKnownFileType = sourcecode.c.objc; path = MainViewController.m; sourceTree = "<group>"; };
		F01C0EA51283292A00CF1476 /* MainViewController.xib */ = {isa = PBXFileReference; lastKnownFileType = file.xib; path = MainViewController.xib; sourceTree = "<group>"; };
		F01C0EAB128329A900CF1476 /* UserInfo.h */ = {isa = PBXFileReference; fileEncoding = 4; lastKnownFileType = sourcecode.c.h; path = UserInfo.h; sourceTree = "<group>"; };
		F01C0EAC128329A900CF1476 /* UserInfo.m */ = {isa = PBXFileReference; fileEncoding = 4; lastKnownFileType = sourcecode.c.objc; path = UserInfo.m; sourceTree = "<group>"; };
		F01C0EB0128329EB00CF1476 /* FBLoginButton.h */ = {isa = PBXFileReference; fileEncoding = 4; lastKnownFileType = sourcecode.c.h; path = FBLoginButton.h; sourceTree = "<group>"; };
		F01C0EB1128329EB00CF1476 /* FBLoginButton.m */ = {isa = PBXFileReference; fileEncoding = 4; lastKnownFileType = sourcecode.c.objc; path = FBLoginButton.m; sourceTree = "<group>"; };
		F01C0EB512832A0500CF1476 /* UserRequestResult.h */ = {isa = PBXFileReference; fileEncoding = 4; lastKnownFileType = sourcecode.c.h; path = UserRequestResult.h; sourceTree = "<group>"; };
		F01C0EB612832A0500CF1476 /* UserRequestResult.m */ = {isa = PBXFileReference; fileEncoding = 4; lastKnownFileType = sourcecode.c.objc; path = UserRequestResult.m; sourceTree = "<group>"; };
		F01C0EB712832A0500CF1476 /* FriendsRequestResult.h */ = {isa = PBXFileReference; fileEncoding = 4; lastKnownFileType = sourcecode.c.h; path = FriendsRequestResult.h; sourceTree = "<group>"; };
		F01C0EB812832A0500CF1476 /* FriendsRequestResult.m */ = {isa = PBXFileReference; fileEncoding = 4; lastKnownFileType = sourcecode.c.objc; path = FriendsRequestResult.m; sourceTree = "<group>"; };
		F01C12191289A6C800CF1476 /* LikesAndCommentsRequestResult.h */ = {isa = PBXFileReference; fileEncoding = 4; lastKnownFileType = sourcecode.c.h; path = LikesAndCommentsRequestResult.h; sourceTree = "<group>"; };
		F01C121A1289A6C800CF1476 /* LikesAndCommentsRequestResult.m */ = {isa = PBXFileReference; fileEncoding = 4; lastKnownFileType = sourcecode.c.objc; path = LikesAndCommentsRequestResult.m; sourceTree = "<group>"; };
		F01C1688128B0E7200CF1476 /* 1_comment_blue.png */ = {isa = PBXFileReference; lastKnownFileType = image.png; path = 1_comment_blue.png; sourceTree = "<group>"; };
		F01C1689128B0E7200CF1476 /* 1_like_red.png */ = {isa = PBXFileReference; lastKnownFileType = image.png; path = 1_like_red.png; sourceTree = "<group>"; };
		F01C168A128B0E7200CF1476 /* 2_comment_white.png */ = {isa = PBXFileReference; lastKnownFileType = image.png; path = 2_comment_white.png; sourceTree = "<group>"; };
		F01C168B128B0E7200CF1476 /* 2_like_white.png */ = {isa = PBXFileReference; lastKnownFileType = image.png; path = 2_like_white.png; sourceTree = "<group>"; };
		F0200724129C2BA4004647DB /* play.png */ = {isa = PBXFileReference; lastKnownFileType = image.png; path = play.png; sourceTree = "<group>"; };
		F02010A812FC65630006C29F /* p_local2.db */ = {isa = PBXFileReference; lastKnownFileType = file; path = p_local2.db; sourceTree = "<group>"; };
		F02010AA12FC7F720006C29F /* p_local3.db */ = {isa = PBXFileReference; lastKnownFileType = file; path = p_local3.db; sourceTree = "<group>"; };
		F033EA4B118A24C30020F23D /* TreeMapViewController.h */ = {isa = PBXFileReference; fileEncoding = 4; lastKnownFileType = sourcecode.c.h; name = TreeMapViewController.h; path = ../TreeMapViewController.h; sourceTree = "<group>"; };
		F033EA4C118A24C30020F23D /* TreeMapViewController.m */ = {isa = PBXFileReference; fileEncoding = 4; lastKnownFileType = sourcecode.c.objc; name = TreeMapViewController.m; path = ../TreeMapViewController.m; sourceTree = "<group>"; };
		F033EA4D118A24C30020F23D /* TreeMapViewController.xib */ = {isa = PBXFileReference; lastKnownFileType = file.xib; name = TreeMapViewController.xib; path = ../TreeMapViewController.xib; sourceTree = "<group>"; };
		F033EA5A118A25230020F23D /* data.plist */ = {isa = PBXFileReference; fileEncoding = 4; lastKnownFileType = text.plist.xml; path = data.plist; sourceTree = "<group>"; };
		F033EA68118A25DF0020F23D /* TreemapView.h */ = {isa = PBXFileReference; fileEncoding = 4; lastKnownFileType = sourcecode.c.h; path = TreemapView.h; sourceTree = "<group>"; };
		F033EA69118A25DF0020F23D /* TreemapView.m */ = {isa = PBXFileReference; fileEncoding = 4; lastKnownFileType = sourcecode.c.objc; path = TreemapView.m; sourceTree = "<group>"; };
		F033EA6A118A25DF0020F23D /* TreemapViewCell.h */ = {isa = PBXFileReference; fileEncoding = 4; lastKnownFileType = sourcecode.c.h; path = TreemapViewCell.h; sourceTree = "<group>"; };
		F033EA6B118A25DF0020F23D /* TreemapViewCell.m */ = {isa = PBXFileReference; fileEncoding = 4; lastKnownFileType = sourcecode.c.objc; path = TreemapViewCell.m; sourceTree = "<group>"; };
		F055E592126CD3B50056DA6E /* 1_heart_btn.png */ = {isa = PBXFileReference; lastKnownFileType = image.png; path = 1_heart_btn.png; sourceTree = "<group>"; };
		F055E593126CD3B50056DA6E /* 2_heart_btn.png */ = {isa = PBXFileReference; lastKnownFileType = image.png; path = 2_heart_btn.png; sourceTree = "<group>"; };
		F06114561251294C008C7D07 /* RegexKitLite.h */ = {isa = PBXFileReference; fileEncoding = 4; lastKnownFileType = sourcecode.c.h; path = RegexKitLite.h; sourceTree = "<group>"; };
		F06114571251294C008C7D07 /* RegexKitLite.m */ = {isa = PBXFileReference; fileEncoding = 4; lastKnownFileType = sourcecode.c.objc; path = RegexKitLite.m; sourceTree = "<group>"; };
		F061176512524755008C7D07 /* ASIHTTPRequestConfig.h */ = {isa = PBXFileReference; fileEncoding = 4; lastKnownFileType = sourcecode.c.h; path = ASIHTTPRequestConfig.h; sourceTree = "<group>"; };
		F061176612524755008C7D07 /* ASICacheDelegate.h */ = {isa = PBXFileReference; fileEncoding = 4; lastKnownFileType = sourcecode.c.h; path = ASICacheDelegate.h; sourceTree = "<group>"; };
		F061176712524755008C7D07 /* ASIHTTPRequestDelegate.h */ = {isa = PBXFileReference; fileEncoding = 4; lastKnownFileType = sourcecode.c.h; path = ASIHTTPRequestDelegate.h; sourceTree = "<group>"; };
		F061176812524755008C7D07 /* ASIProgressDelegate.h */ = {isa = PBXFileReference; fileEncoding = 4; lastKnownFileType = sourcecode.c.h; path = ASIProgressDelegate.h; sourceTree = "<group>"; };
		F061176912524755008C7D07 /* ASIAuthenticationDialog.h */ = {isa = PBXFileReference; fileEncoding = 4; lastKnownFileType = sourcecode.c.h; path = ASIAuthenticationDialog.h; sourceTree = "<group>"; };
		F061176A12524755008C7D07 /* ASIAuthenticationDialog.m */ = {isa = PBXFileReference; fileEncoding = 4; lastKnownFileType = sourcecode.c.objc; path = ASIAuthenticationDialog.m; sourceTree = "<group>"; };
		F061176B12524755008C7D07 /* ASIInputStream.h */ = {isa = PBXFileReference; fileEncoding = 4; lastKnownFileType = sourcecode.c.h; path = ASIInputStream.h; sourceTree = "<group>"; };
		F061176C12524755008C7D07 /* ASIInputStream.m */ = {isa = PBXFileReference; fileEncoding = 4; lastKnownFileType = sourcecode.c.objc; path = ASIInputStream.m; sourceTree = "<group>"; };
		F061176D12524755008C7D07 /* ASIFormDataRequest.h */ = {isa = PBXFileReference; fileEncoding = 4; lastKnownFileType = sourcecode.c.h; path = ASIFormDataRequest.h; sourceTree = "<group>"; };
		F061176E12524755008C7D07 /* ASIFormDataRequest.m */ = {isa = PBXFileReference; fileEncoding = 4; lastKnownFileType = sourcecode.c.objc; path = ASIFormDataRequest.m; sourceTree = "<group>"; };
		F061176F12524755008C7D07 /* ASIHTTPRequest.h */ = {isa = PBXFileReference; fileEncoding = 4; lastKnownFileType = sourcecode.c.h; path = ASIHTTPRequest.h; sourceTree = "<group>"; };
		F061177012524755008C7D07 /* ASIHTTPRequest.m */ = {isa = PBXFileReference; fileEncoding = 4; lastKnownFileType = sourcecode.c.objc; path = ASIHTTPRequest.m; sourceTree = "<group>"; };
		F061177112524755008C7D07 /* ASINetworkQueue.h */ = {isa = PBXFileReference; fileEncoding = 4; lastKnownFileType = sourcecode.c.h; path = ASINetworkQueue.h; sourceTree = "<group>"; };
		F061177212524755008C7D07 /* ASINetworkQueue.m */ = {isa = PBXFileReference; fileEncoding = 4; lastKnownFileType = sourcecode.c.objc; path = ASINetworkQueue.m; sourceTree = "<group>"; };
		F061177312524755008C7D07 /* ASIDownloadCache.h */ = {isa = PBXFileReference; fileEncoding = 4; lastKnownFileType = sourcecode.c.h; path = ASIDownloadCache.h; sourceTree = "<group>"; };
		F061177412524755008C7D07 /* ASIDownloadCache.m */ = {isa = PBXFileReference; fileEncoding = 4; lastKnownFileType = sourcecode.c.objc; path = ASIDownloadCache.m; sourceTree = "<group>"; };
		F0611823125294DA008C7D07 /* libz.1.2.3.dylib */ = {isa = PBXFileReference; lastKnownFileType = "compiled.mach-o.dylib"; name = libz.1.2.3.dylib; path = usr/lib/libz.1.2.3.dylib; sourceTree = SDKROOT; };
		F06119561252964C008C7D07 /* CFNetwork.framework */ = {isa = PBXFileReference; lastKnownFileType = wrapper.framework; name = CFNetwork.framework; path = System/Library/Frameworks/CFNetwork.framework; sourceTree = SDKROOT; };
		F061195A12529657008C7D07 /* CoreGraphics.framework */ = {isa = PBXFileReference; lastKnownFileType = wrapper.framework; name = CoreGraphics.framework; path = System/Library/Frameworks/CoreGraphics.framework; sourceTree = SDKROOT; };
		F061195E1252966D008C7D07 /* SystemConfiguration.framework */ = {isa = PBXFileReference; lastKnownFileType = wrapper.framework; name = SystemConfiguration.framework; path = System/Library/Frameworks/SystemConfiguration.framework; sourceTree = SDKROOT; };
		F061196212529696008C7D07 /* MobileCoreServices.framework */ = {isa = PBXFileReference; lastKnownFileType = wrapper.framework; name = MobileCoreServices.framework; path = System/Library/Frameworks/MobileCoreServices.framework; sourceTree = SDKROOT; };
		F06119661252969D008C7D07 /* CoreServices.framework */ = {isa = PBXFileReference; lastKnownFileType = wrapper.framework; name = CoreServices.framework; path = System/Library/Frameworks/CoreServices.framework; sourceTree = SDKROOT; };
		F061197A12529973008C7D07 /* Reachability.h */ = {isa = PBXFileReference; fileEncoding = 4; lastKnownFileType = sourcecode.c.h; path = Reachability.h; sourceTree = "<group>"; };
		F061197B12529973008C7D07 /* Reachability.m */ = {isa = PBXFileReference; fileEncoding = 4; lastKnownFileType = sourcecode.c.objc; path = Reachability.m; sourceTree = "<group>"; };
		F063C3E912F8734400634008 /* concrete.jpg */ = {isa = PBXFileReference; lastKnownFileType = image.jpeg; path = concrete.jpg; sourceTree = "<group>"; };
		F063C3ED12F8734400634008 /* granulardark.jpg */ = {isa = PBXFileReference; lastKnownFileType = image.jpeg; path = granulardark.jpg; sourceTree = "<group>"; };
		F063C3F012F8734400634008 /* leather.jpg */ = {isa = PBXFileReference; lastKnownFileType = image.jpeg; path = leather.jpg; sourceTree = "<group>"; };
		F063C3F512F8734400634008 /* slate.jpg */ = {isa = PBXFileReference; lastKnownFileType = image.jpeg; path = slate.jpg; sourceTree = "<group>"; };
		F063C3F612F8734400634008 /* wood.jpg */ = {isa = PBXFileReference; lastKnownFileType = image.jpeg; path = wood.jpg; sourceTree = "<group>"; };
		F063C40A12F8746A00634008 /* video.jpg */ = {isa = PBXFileReference; lastKnownFileType = image.jpeg; path = video.jpg; sourceTree = "<group>"; };
		F06A1CD21200AE3B001E46AE /* todo.txt */ = {isa = PBXFileReference; fileEncoding = 4; lastKnownFileType = text; path = todo.txt; sourceTree = "<group>"; };
		F0962607126CCBE0009F4F22 /* 1_comments.png */ = {isa = PBXFileReference; lastKnownFileType = image.png; path = 1_comments.png; sourceTree = "<group>"; };
		F0962608126CCBE0009F4F22 /* 2_comments.png */ = {isa = PBXFileReference; lastKnownFileType = image.png; path = 2_comments.png; sourceTree = "<group>"; };
		F096261D126CCE72009F4F22 /* 1_refresh_btn.png */ = {isa = PBXFileReference; lastKnownFileType = image.png; path = 1_refresh_btn.png; sourceTree = "<group>"; };
		F096261E126CCE72009F4F22 /* 2_refresh_btn.png */ = {isa = PBXFileReference; lastKnownFileType = image.png; path = 2_refresh_btn.png; sourceTree = "<group>"; };
		F0A76CCB12D408F9004437D0 /* PeopleMapDB.h */ = {isa = PBXFileReference; fileEncoding = 4; lastKnownFileType = sourcecode.c.h; path = PeopleMapDB.h; sourceTree = "<group>"; };
		F0A76CCC12D408F9004437D0 /* PeopleMapDB.m */ = {isa = PBXFileReference; fileEncoding = 4; lastKnownFileType = sourcecode.c.objc; path = PeopleMapDB.m; sourceTree = "<group>"; };
		F0A76CCD12D408F9004437D0 /* BWDB.h */ = {isa = PBXFileReference; fileEncoding = 4; lastKnownFileType = sourcecode.c.h; path = BWDB.h; sourceTree = "<group>"; };
		F0A76CCE12D408F9004437D0 /* BWDB.m */ = {isa = PBXFileReference; fileEncoding = 4; lastKnownFileType = sourcecode.c.objc; path = BWDB.m; sourceTree = "<group>"; };
		F0A76CCF12D408F9004437D0 /* BWUtilities.h */ = {isa = PBXFileReference; fileEncoding = 4; lastKnownFileType = sourcecode.c.h; path = BWUtilities.h; sourceTree = "<group>"; };
		F0A76CD012D408F9004437D0 /* BWUtilities.m */ = {isa = PBXFileReference; fileEncoding = 4; lastKnownFileType = sourcecode.c.objc; path = BWUtilities.m; sourceTree = "<group>"; };
		F0A76CE112D4090C004437D0 /* libsqlite3.dylib */ = {isa = PBXFileReference; lastKnownFileType = "compiled.mach-o.dylib"; name = libsqlite3.dylib; path = usr/lib/libsqlite3.dylib; sourceTree = SDKROOT; };
		F0CDA9151267BAA700D03C50 /* pm_menu_bg.png */ = {isa = PBXFileReference; lastKnownFileType = image.png; path = pm_menu_bg.png; sourceTree = "<group>"; };
		F0ECFA2C1266557D0075C90F /* NSMutableArray_Shuffling.h */ = {isa = PBXFileReference; fileEncoding = 4; lastKnownFileType = sourcecode.c.h; path = NSMutableArray_Shuffling.h; sourceTree = "<group>"; };
		F0F00BDB1215D57100DB0EF9 /* UIImage+ProportionalFill.h */ = {isa = PBXFileReference; fileEncoding = 4; lastKnownFileType = sourcecode.c.h; path = "UIImage+ProportionalFill.h"; sourceTree = "<group>"; };
		F0F00BDC1215D57100DB0EF9 /* UIImage+ProportionalFill.m */ = {isa = PBXFileReference; fileEncoding = 4; lastKnownFileType = sourcecode.c.objc; path = "UIImage+ProportionalFill.m"; sourceTree = "<group>"; };
		F0F00BDD1215D57100DB0EF9 /* UIImage+Tint.h */ = {isa = PBXFileReference; fileEncoding = 4; lastKnownFileType = sourcecode.c.h; path = "UIImage+Tint.h"; sourceTree = "<group>"; };
		F0F00BDE1215D57100DB0EF9 /* UIImage+Tint.m */ = {isa = PBXFileReference; fileEncoding = 4; lastKnownFileType = sourcecode.c.objc; path = "UIImage+Tint.m"; sourceTree = "<group>"; };
		F0F00C74121AE12900DB0EF9 /* original.png */ = {isa = PBXFileReference; lastKnownFileType = image.png; path = original.png; sourceTree = "<group>"; };
		F0F00CC5121AEB9900DB0EF9 /* QuartzCore.framework */ = {isa = PBXFileReference; lastKnownFileType = wrapper.framework; name = QuartzCore.framework; path = System/Library/Frameworks/QuartzCore.framework; sourceTree = SDKROOT; };
/* End PBXFileReference section */

/* Begin PBXFrameworksBuildPhase section */
		1D60588F0D05DD3D006BFB54 /* Frameworks */ = {
			isa = PBXFrameworksBuildPhase;
			buildActionMask = 2147483647;
			files = (
				1D60589F0D05DD5A006BFB54 /* Foundation.framework in Frameworks */,
				1DF5F4E00D08C38300B7A737 /* UIKit.framework in Frameworks */,
				F0F00CC6121AEB9900DB0EF9 /* QuartzCore.framework in Frameworks */,
				F06119571252964C008C7D07 /* CFNetwork.framework in Frameworks */,
				F061195B12529657008C7D07 /* CoreGraphics.framework in Frameworks */,
				F061195F1252966D008C7D07 /* SystemConfiguration.framework in Frameworks */,
				F061196312529696008C7D07 /* MobileCoreServices.framework in Frameworks */,
				F061196D125296B6008C7D07 /* libz.1.2.3.dylib in Frameworks */,
				F0A76CE212D4090C004437D0 /* libsqlite3.dylib in Frameworks */,
			);
			runOnlyForDeploymentPostprocessing = 0;
		};
/* End PBXFrameworksBuildPhase section */

/* Begin PBXGroup section */
		080E96DDFE201D6D7F000001 /* Classes */ = {
			isa = PBXGroup;
			children = (
				F01C0EA31283292A00CF1476 /* MainViewController.h */,
				F01C0EA41283292A00CF1476 /* MainViewController.m */,
				F01C0EA51283292A00CF1476 /* MainViewController.xib */,
				1D3623240D0F684500981E51 /* TreeMapAppDelegate.h */,
				1D3623250D0F684500981E51 /* TreeMapAppDelegate.m */,
				28AD733E0D9D9553002E5188 /* MainWindow.xib */,
				F033EA4B118A24C30020F23D /* TreeMapViewController.h */,
				F033EA4C118A24C30020F23D /* TreeMapViewController.m */,
				F033EA4D118A24C30020F23D /* TreeMapViewController.xib */,
				F0F00BDA1215D57100DB0EF9 /* Categories */,
			);
			path = Classes;
			sourceTree = "<group>";
		};
		19C28FACFE9D520D11CA2CBB /* Products */ = {
			isa = PBXGroup;
			children = (
				1D6058910D05DD3D006BFB54 /* TreeMap.app */,
			);
			name = Products;
			sourceTree = "<group>";
		};
		29B97314FDCFA39411CA2CEA /* CustomTemplate */ = {
			isa = PBXGroup;
			children = (
				F010F7A4130DE82D006C1839 /* p_local6.db */,
				F010F755130D9518006C1839 /* p_local5.db */,
				25B61D9812FDB03B00DACE68 /* p_local4.db */,
				F02010AA12FC7F720006C29F /* p_local3.db */,
				F02010A812FC65630006C29F /* p_local2.db */,
				F01C0EAB128329A900CF1476 /* UserInfo.h */,
				F01C0EAC128329A900CF1476 /* UserInfo.m */,
				F01C0AE01281D62A00CF1476 /* Session.h */,
				F01C0AE11281D62A00CF1476 /* Session.m */,
				F01C0EB0128329EB00CF1476 /* FBLoginButton.h */,
				F01C0EB1128329EB00CF1476 /* FBLoginButton.m */,
				F01C0EB512832A0500CF1476 /* UserRequestResult.h */,
				F01C0EB612832A0500CF1476 /* UserRequestResult.m */,
				F01C12191289A6C800CF1476 /* LikesAndCommentsRequestResult.h */,
				F01C121A1289A6C800CF1476 /* LikesAndCommentsRequestResult.m */,
				F01C0EB712832A0500CF1476 /* FriendsRequestResult.h */,
				F01C0EB812832A0500CF1476 /* FriendsRequestResult.m */,
				F0A76CE712D4095A004437D0 /* DB */,
				F01C0E07128321AD00CF1476 /* FBConnect.bundle */,
				F01C0A911281D2A200CF1476 /* FBConnect */,
				F06116FB12524695008C7D07 /* ASINetwork */,
				F033EA67118A25DF0020F23D /* TreemapKit */,
				080E96DDFE201D6D7F000001 /* Classes */,
				29B97315FDCFA39411CA2CEA /* Other Sources */,
				29B97317FDCFA39411CA2CEA /* Resources */,
				29B97323FDCFA39411CA2CEA /* Frameworks */,
				19C28FACFE9D520D11CA2CBB /* Products */,
				F0611823125294DA008C7D07 /* libz.1.2.3.dylib */,
				F06119561252964C008C7D07 /* CFNetwork.framework */,
				F061195A12529657008C7D07 /* CoreGraphics.framework */,
				F061195E1252966D008C7D07 /* SystemConfiguration.framework */,
				F061196212529696008C7D07 /* MobileCoreServices.framework */,
				F06119661252969D008C7D07 /* CoreServices.framework */,
				F0A76CE112D4090C004437D0 /* libsqlite3.dylib */,
			);
			name = CustomTemplate;
			sourceTree = "<group>";
		};
		29B97315FDCFA39411CA2CEA /* Other Sources */ = {
			isa = PBXGroup;
			children = (
				F06114561251294C008C7D07 /* RegexKitLite.h */,
				F06114571251294C008C7D07 /* RegexKitLite.m */,
				F06A1CD21200AE3B001E46AE /* todo.txt */,
				32CA4F630368D1EE00C91783 /* TreeMap_Prefix.pch */,
				29B97316FDCFA39411CA2CEA /* main.m */,
			);
			name = "Other Sources";
			sourceTree = "<group>";
		};
		29B97317FDCFA39411CA2CEA /* Resources */ = {
			isa = PBXGroup;
			children = (
				F010F964130F017E006C1839 /* 1_comment_white.png */,
				F010F965130F017E006C1839 /* 1_like_white.png */,
				F010F20B130AF3EB006C1839 /* bg_comment.png */,
				F010F1CF1309EED3006C1839 /* blackboard.jpg */,
				F010F1D01309EED3006C1839 /* diamondsteel1.jpg */,
				F010F1D11309EED3006C1839 /* rust1.jpg */,
				F063C40A12F8746A00634008 /* video.jpg */,
				F063C3E912F8734400634008 /* concrete.jpg */,
				F063C3ED12F8734400634008 /* granulardark.jpg */,
				F063C3F012F8734400634008 /* leather.jpg */,
				F063C3F512F8734400634008 /* slate.jpg */,
				F063C3F612F8734400634008 /* wood.jpg */,
				F0200724129C2BA4004647DB /* play.png */,
				F01C1688128B0E7200CF1476 /* 1_comment_blue.png */,
				F01C1689128B0E7200CF1476 /* 1_like_red.png */,
				F01C168A128B0E7200CF1476 /* 2_comment_white.png */,
				F01C168B128B0E7200CF1476 /* 2_like_white.png */,
				F055E592126CD3B50056DA6E /* 1_heart_btn.png */,
				F055E593126CD3B50056DA6E /* 2_heart_btn.png */,
				F096261D126CCE72009F4F22 /* 1_refresh_btn.png */,
				F096261E126CCE72009F4F22 /* 2_refresh_btn.png */,
				F0962607126CCBE0009F4F22 /* 1_comments.png */,
				F0962608126CCBE0009F4F22 /* 2_comments.png */,
				F0CDA9151267BAA700D03C50 /* pm_menu_bg.png */,
				F010FA40130F161C006C1839 /* pm_menu_bg2.png */,
				F033EA5A118A25230020F23D /* data.plist */,
				8D1107310486CEB800E47090 /* TreeMap-Info.plist */,
			);
			name = Resources;
			sourceTree = "<group>";
		};
		29B97323FDCFA39411CA2CEA /* Frameworks */ = {
			isa = PBXGroup;
			children = (
				F0F00CC5121AEB9900DB0EF9 /* QuartzCore.framework */,
				1DF5F4DF0D08C38300B7A737 /* UIKit.framework */,
				1D30AB110D05D00D00671497 /* Foundation.framework */,
			);
			name = Frameworks;
			sourceTree = "<group>";
		};
		F01C0A911281D2A200CF1476 /* FBConnect */ = {
			isa = PBXGroup;
			children = (
				F01C0A921281D2A200CF1476 /* FBDialog.bundle */,
				F01C0A931281D2A200CF1476 /* JSON */,
				F01C0AA11281D2A200CF1476 /* FBConnect.h */,
				F01C0AA21281D2A200CF1476 /* FBRequest.h */,
				F01C0AA31281D2A200CF1476 /* FBRequest.m */,
				F01C0AA41281D2A200CF1476 /* Facebook.m */,
				F01C0AA51281D2A200CF1476 /* Facebook.h */,
				F01C0AA61281D2A200CF1476 /* FBLoginDialog.h */,
				F01C0AA71281D2A200CF1476 /* FBLoginDialog.m */,
				F01C0AA81281D2A200CF1476 /* FBDialog.h */,
				F01C0AA91281D2A200CF1476 /* FBDialog.m */,
			);
			name = FBConnect;
			sourceTree = "<group>";
		};
		F01C0A931281D2A200CF1476 /* JSON */ = {
			isa = PBXGroup;
			children = (
				F01C0A941281D2A200CF1476 /* JSON.h */,
				F01C0A951281D2A200CF1476 /* NSObject+SBJSON.h */,
				F01C0A961281D2A200CF1476 /* NSObject+SBJSON.m */,
				F01C0A971281D2A200CF1476 /* NSString+SBJSON.h */,
				F01C0A981281D2A200CF1476 /* NSString+SBJSON.m */,
				F01C0A991281D2A200CF1476 /* SBJSON.h */,
				F01C0A9A1281D2A200CF1476 /* SBJSON.m */,
				F01C0A9B1281D2A200CF1476 /* SBJsonBase.h */,
				F01C0A9C1281D2A200CF1476 /* SBJsonBase.m */,
				F01C0A9D1281D2A200CF1476 /* SBJsonParser.h */,
				F01C0A9E1281D2A200CF1476 /* SBJsonParser.m */,
				F01C0A9F1281D2A200CF1476 /* SBJsonWriter.h */,
				F01C0AA01281D2A200CF1476 /* SBJsonWriter.m */,
			);
			path = JSON;
			sourceTree = "<group>";
		};
		F033EA67118A25DF0020F23D /* TreemapKit */ = {
			isa = PBXGroup;
			children = (
				F010F212130AFA41006C1839 /* CommentView.h */,
				F010F213130AFA41006C1839 /* CommentView.m */,
				F033EA68118A25DF0020F23D /* TreemapView.h */,
				F033EA69118A25DF0020F23D /* TreemapView.m */,
				F033EA6A118A25DF0020F23D /* TreemapViewCell.h */,
				F033EA6B118A25DF0020F23D /* TreemapViewCell.m */,
			);
			path = TreemapKit;
			sourceTree = "<group>";
		};
		F06116FB12524695008C7D07 /* ASINetwork */ = {
			isa = PBXGroup;
			children = (
				F061197A12529973008C7D07 /* Reachability.h */,
				F061197B12529973008C7D07 /* Reachability.m */,
				F061176512524755008C7D07 /* ASIHTTPRequestConfig.h */,
				F061176612524755008C7D07 /* ASICacheDelegate.h */,
				F061176712524755008C7D07 /* ASIHTTPRequestDelegate.h */,
				F061176812524755008C7D07 /* ASIProgressDelegate.h */,
				F061176912524755008C7D07 /* ASIAuthenticationDialog.h */,
				F061176A12524755008C7D07 /* ASIAuthenticationDialog.m */,
				F061176B12524755008C7D07 /* ASIInputStream.h */,
				F061176C12524755008C7D07 /* ASIInputStream.m */,
				F061176D12524755008C7D07 /* ASIFormDataRequest.h */,
				F061176E12524755008C7D07 /* ASIFormDataRequest.m */,
				F061176F12524755008C7D07 /* ASIHTTPRequest.h */,
				F061177012524755008C7D07 /* ASIHTTPRequest.m */,
				F061177112524755008C7D07 /* ASINetworkQueue.h */,
				F061177212524755008C7D07 /* ASINetworkQueue.m */,
				F061177312524755008C7D07 /* ASIDownloadCache.h */,
				F061177412524755008C7D07 /* ASIDownloadCache.m */,
			);
			name = ASINetwork;
			sourceTree = "<group>";
		};
		F0A76CE712D4095A004437D0 /* DB */ = {
			isa = PBXGroup;
			children = (
				F0A76CCB12D408F9004437D0 /* PeopleMapDB.h */,
				F0A76CCC12D408F9004437D0 /* PeopleMapDB.m */,
				F0A76CCD12D408F9004437D0 /* BWDB.h */,
				F0A76CCE12D408F9004437D0 /* BWDB.m */,
				F0A76CCF12D408F9004437D0 /* BWUtilities.h */,
				F0A76CD012D408F9004437D0 /* BWUtilities.m */,
			);
			name = DB;
			sourceTree = "<group>";
		};
		F0F00BDA1215D57100DB0EF9 /* Categories */ = {
			isa = PBXGroup;
			children = (
				F0F00C74121AE12900DB0EF9 /* original.png */,
				F0F00BDB1215D57100DB0EF9 /* UIImage+ProportionalFill.h */,
				F0F00BDC1215D57100DB0EF9 /* UIImage+ProportionalFill.m */,
				F0F00BDD1215D57100DB0EF9 /* UIImage+Tint.h */,
				F0F00BDE1215D57100DB0EF9 /* UIImage+Tint.m */,
				F0ECFA2C1266557D0075C90F /* NSMutableArray_Shuffling.h */,
			);
			name = Categories;
			sourceTree = "<group>";
		};
/* End PBXGroup section */

/* Begin PBXNativeTarget section */
		1D6058900D05DD3D006BFB54 /* TreeMap */ = {
			isa = PBXNativeTarget;
			buildConfigurationList = 1D6058960D05DD3E006BFB54 /* Build configuration list for PBXNativeTarget "TreeMap" */;
			buildPhases = (
				1D60588D0D05DD3D006BFB54 /* Resources */,
				1D60588E0D05DD3D006BFB54 /* Sources */,
				1D60588F0D05DD3D006BFB54 /* Frameworks */,
			);
			buildRules = (
			);
			dependencies = (
			);
			name = TreeMap;
			productName = TreeMap;
			productReference = 1D6058910D05DD3D006BFB54 /* TreeMap.app */;
			productType = "com.apple.product-type.application";
		};
/* End PBXNativeTarget section */

/* Begin PBXProject section */
		29B97313FDCFA39411CA2CEA /* Project object */ = {
			isa = PBXProject;
			buildConfigurationList = C01FCF4E08A954540054247B /* Build configuration list for PBXProject "TreeMap" */;
			compatibilityVersion = "Xcode 3.1";
			developmentRegion = English;
			hasScannedForEncodings = 1;
			knownRegions = (
				en,
			);
			mainGroup = 29B97314FDCFA39411CA2CEA /* CustomTemplate */;
			projectDirPath = "";
			projectRoot = "";
			targets = (
				1D6058900D05DD3D006BFB54 /* TreeMap */,
			);
		};
/* End PBXProject section */

/* Begin PBXResourcesBuildPhase section */
		1D60588D0D05DD3D006BFB54 /* Resources */ = {
			isa = PBXResourcesBuildPhase;
			buildActionMask = 2147483647;
			files = (
				28AD733F0D9D9553002E5188 /* MainWindow.xib in Resources */,
				F033EA4F118A24C30020F23D /* TreeMapViewController.xib in Resources */,
				F033EA5B118A25230020F23D /* data.plist in Resources */,
				F06A1CD31200AE3B001E46AE /* todo.txt in Resources */,
				F0F00C75121AE12900DB0EF9 /* original.png in Resources */,
				F0CDA9161267BAA700D03C50 /* pm_menu_bg.png in Resources */,
				F0962609126CCBE0009F4F22 /* 1_comments.png in Resources */,
				F096260A126CCBE0009F4F22 /* 2_comments.png in Resources */,
				F096261F126CCE72009F4F22 /* 1_refresh_btn.png in Resources */,
				F0962620126CCE72009F4F22 /* 2_refresh_btn.png in Resources */,
				F055E594126CD3B50056DA6E /* 1_heart_btn.png in Resources */,
				F055E595126CD3B50056DA6E /* 2_heart_btn.png in Resources */,
				F01C0AAA1281D2A200CF1476 /* FBDialog.bundle in Resources */,
				F01C0E08128321AD00CF1476 /* FBConnect.bundle in Resources */,
				F01C0EA71283292A00CF1476 /* MainViewController.xib in Resources */,
				F01C168C128B0E7200CF1476 /* 1_comment_blue.png in Resources */,
				F01C168D128B0E7200CF1476 /* 1_like_red.png in Resources */,
				F01C168E128B0E7200CF1476 /* 2_comment_white.png in Resources */,
				F01C168F128B0E7200CF1476 /* 2_like_white.png in Resources */,
				F020072A129C2BA4004647DB /* play.png in Resources */,
				F063C3F912F8734400634008 /* concrete.jpg in Resources */,
				F063C3FD12F8734400634008 /* granulardark.jpg in Resources */,
				F063C40012F8734400634008 /* leather.jpg in Resources */,
				F063C40512F8734400634008 /* slate.jpg in Resources */,
				F063C40612F8734400634008 /* wood.jpg in Resources */,
				F063C40B12F8746A00634008 /* video.jpg in Resources */,
				F02010A912FC65630006C29F /* p_local2.db in Resources */,
				F02010AB12FC7F720006C29F /* p_local3.db in Resources */,
				25B61D9912FDB03B00DACE68 /* p_local4.db in Resources */,
				F010F1D21309EED3006C1839 /* blackboard.jpg in Resources */,
				F010F1D31309EED3006C1839 /* diamondsteel1.jpg in Resources */,
				F010F1D41309EED3006C1839 /* rust1.jpg in Resources */,
				F010F20C130AF3EB006C1839 /* bg_comment.png in Resources */,
				F010F756130D9518006C1839 /* p_local5.db in Resources */,
				F010F7A5130DE82D006C1839 /* p_local6.db in Resources */,
				F010F966130F017E006C1839 /* 1_comment_white.png in Resources */,
				F010F967130F017E006C1839 /* 1_like_white.png in Resources */,
				F010FA41130F161C006C1839 /* pm_menu_bg2.png in Resources */,
			);
			runOnlyForDeploymentPostprocessing = 0;
		};
/* End PBXResourcesBuildPhase section */

/* Begin PBXSourcesBuildPhase section */
		1D60588E0D05DD3D006BFB54 /* Sources */ = {
			isa = PBXSourcesBuildPhase;
			buildActionMask = 2147483647;
			files = (
				1D60589B0D05DD56006BFB54 /* main.m in Sources */,
				1D3623260D0F684500981E51 /* TreeMapAppDelegate.m in Sources */,
				F033EA4E118A24C30020F23D /* TreeMapViewController.m in Sources */,
				F033EA6C118A25DF0020F23D /* TreemapView.m in Sources */,
				F033EA6D118A25DF0020F23D /* TreemapViewCell.m in Sources */,
				F0F00BDF1215D57100DB0EF9 /* UIImage+ProportionalFill.m in Sources */,
				F0F00BE01215D57100DB0EF9 /* UIImage+Tint.m in Sources */,
				F06114581251294C008C7D07 /* RegexKitLite.m in Sources */,
				F061177512524755008C7D07 /* ASIAuthenticationDialog.m in Sources */,
				F061177612524755008C7D07 /* ASIInputStream.m in Sources */,
				F061177712524755008C7D07 /* ASIFormDataRequest.m in Sources */,
				F061177812524755008C7D07 /* ASIHTTPRequest.m in Sources */,
				F061177912524755008C7D07 /* ASINetworkQueue.m in Sources */,
				F061177A12524755008C7D07 /* ASIDownloadCache.m in Sources */,
				F061197C12529973008C7D07 /* Reachability.m in Sources */,
				F01C0AAB1281D2A200CF1476 /* NSObject+SBJSON.m in Sources */,
				F01C0AAC1281D2A200CF1476 /* NSString+SBJSON.m in Sources */,
				F01C0AAD1281D2A200CF1476 /* SBJSON.m in Sources */,
				F01C0AAE1281D2A200CF1476 /* SBJsonBase.m in Sources */,
				F01C0AAF1281D2A200CF1476 /* SBJsonParser.m in Sources */,
				F01C0AB01281D2A200CF1476 /* SBJsonWriter.m in Sources */,
				F01C0AB11281D2A200CF1476 /* FBRequest.m in Sources */,
				F01C0AB21281D2A200CF1476 /* Facebook.m in Sources */,
				F01C0AB31281D2A200CF1476 /* FBLoginDialog.m in Sources */,
				F01C0AB41281D2A200CF1476 /* FBDialog.m in Sources */,
				F01C0AE21281D62A00CF1476 /* Session.m in Sources */,
				F01C0EA61283292A00CF1476 /* MainViewController.m in Sources */,
				F01C0EAD128329A900CF1476 /* UserInfo.m in Sources */,
				F01C0EB2128329EB00CF1476 /* FBLoginButton.m in Sources */,
				F01C0EB912832A0500CF1476 /* UserRequestResult.m in Sources */,
				F01C0EBA12832A0500CF1476 /* FriendsRequestResult.m in Sources */,
				F01C121B1289A6C800CF1476 /* LikesAndCommentsRequestResult.m in Sources */,
				F0A76CD112D408F9004437D0 /* PeopleMapDB.m in Sources */,
				F0A76CD212D408F9004437D0 /* BWDB.m in Sources */,
				F0A76CD312D408F9004437D0 /* BWUtilities.m in Sources */,
				F010F214130AFA41006C1839 /* CommentView.m in Sources */,
			);
			runOnlyForDeploymentPostprocessing = 0;
		};
/* End PBXSourcesBuildPhase section */

/* Begin XCBuildConfiguration section */
		1D6058940D05DD3E006BFB54 /* Debug */ = {
			isa = XCBuildConfiguration;
			buildSettings = {
				ALWAYS_SEARCH_USER_PATHS = NO;
				"CODE_SIGN_IDENTITY[sdk=iphoneos*]" = "iPhone Developer: stephan valter (283872D3RC)";
				COPY_PHASE_STRIP = NO;
				GCC_DYNAMIC_NO_PIC = NO;
				GCC_OPTIMIZATION_LEVEL = 0;
				GCC_PRECOMPILE_PREFIX_HEADER = YES;
				GCC_PREFIX_HEADER = TreeMap_Prefix.pch;
				INFOPLIST_FILE = "TreeMap-Info.plist";
				PRODUCT_NAME = TreeMap;
				"PROVISIONING_PROFILE[sdk=iphoneos*]" = "BF809993-E03D-470B-8F49-E43F6C208635";
			};
			name = Debug;
		};
		1D6058950D05DD3E006BFB54 /* Release */ = {
			isa = XCBuildConfiguration;
			buildSettings = {
				ALWAYS_SEARCH_USER_PATHS = NO;
				COPY_PHASE_STRIP = YES;
				GCC_PRECOMPILE_PREFIX_HEADER = YES;
				GCC_PREFIX_HEADER = TreeMap_Prefix.pch;
				INFOPLIST_FILE = "TreeMap-Info.plist";
				PRODUCT_NAME = TreeMap;
				VALIDATE_PRODUCT = YES;
			};
			name = Release;
		};
		C01FCF4F08A954540054247B /* Debug */ = {
			isa = XCBuildConfiguration;
			buildSettings = {
				"ARCHS[sdk=iphoneos*]" = armv7;
				"ARCHS[sdk=iphonesimulator*]" = i386;
				"CODE_SIGN_IDENTITY[sdk=iphoneos*]" = "iPhone Developer: stephan valter (283872D3RC)";
				GCC_C_LANGUAGE_STANDARD = c99;
				GCC_WARN_ABOUT_RETURN_TYPE = YES;
				GCC_WARN_UNUSED_VARIABLE = YES;
				OTHER_LDFLAGS = "-licucore";
				PREBINDING = NO;
				"PROVISIONING_PROFILE[sdk=iphoneos*]" = "BF809993-E03D-470B-8F49-E43F6C208635";
				SDKROOT = iphoneos;
				TARGETED_DEVICE_FAMILY = 2;
			};
			name = Debug;
		};
		C01FCF5008A954540054247B /* Release */ = {
			isa = XCBuildConfiguration;
			buildSettings = {
				"ARCHS[sdk=iphoneos*]" = armv7;
				"ARCHS[sdk=iphonesimulator*]" = i386;
				"CODE_SIGN_IDENTITY[sdk=iphoneos*]" = "iPhone Distribution: MASS Produkt LLC,C/=US";
				GCC_C_LANGUAGE_STANDARD = c99;
				GCC_WARN_ABOUT_RETURN_TYPE = YES;
				GCC_WARN_UNUSED_VARIABLE = YES;
				OTHER_CFLAGS = "-DNS_BLOCK_ASSERTIONS=1";
				OTHER_LDFLAGS = "-licucore";
				PREBINDING = NO;
				"PROVISIONING_PROFILE[sdk=iphoneos*]" = "488A8087-40DE-42B0-9FB5-28A2D8869620";
				SDKROOT = iphoneos;
				TARGETED_DEVICE_FAMILY = 2;
			};
			name = Release;
		};
/* End XCBuildConfiguration section */

/* Begin XCConfigurationList section */
		1D6058960D05DD3E006BFB54 /* Build configuration list for PBXNativeTarget "TreeMap" */ = {
			isa = XCConfigurationList;
			buildConfigurations = (
				1D6058940D05DD3E006BFB54 /* Debug */,
				1D6058950D05DD3E006BFB54 /* Release */,
			);
			defaultConfigurationIsVisible = 0;
			defaultConfigurationName = Release;
		};
		C01FCF4E08A954540054247B /* Build configuration list for PBXProject "TreeMap" */ = {
			isa = XCConfigurationList;
			buildConfigurations = (
				C01FCF4F08A954540054247B /* Debug */,
				C01FCF5008A954540054247B /* Release */,
			);
			defaultConfigurationIsVisible = 0;
			defaultConfigurationName = Release;
		};
/* End XCConfigurationList section */
	};
	rootObject = 29B97313FDCFA39411CA2CEA /* Project object */;
}
